{
  "nodes": {
    "nixpkgs": {
      "locked": {
        "lastModified": 1790822859,
        "narHash": "sha256-69xHQhAeMAD2wDXO7T2pcOZIF9Sga2W+JkmY2a11Ops=",
        "owner": "NixOS",
        "repo": "nixpkgs",
        "rev": "c59305bab2065cfecc4944690d9eedbb56f3a9fa",
        "type": "github"
      },
      "original": {
        "owner": "NixOS",
        "ref": "nixos-unstable",
        "repo": "nixpkgs",
        "type": "github"
      }
    },
    "root": {
      "inputs": {
        "nixpkgs": "nixpkgs",
        "zig": "zig",
        "zls": "zls"
      }
    },
    "zig": {
      "inputs": {
        "nixpkgs": [
          "nixpkgs"
        ]
      },
      "locked": {
        "lastModified": 1791049184,
        "narHash": "sha256-jLwkl/5dB2ofl4wn7K9nD1J+RDpOFbP3Qlegucy+e/k=",
        "owner": "silversquirl",
        "repo": "zig-flake",
        "rev": "a87b8966000a05357bccf57971fb87e66d035077",
        "type": "github"
      },
      "original": {
        "owner": "silversquirl",
        "repo": "zig-flake",
        "type": "github"
      }
    },
    "zls": {
      "inputs": {
        "nixpkgs": [
          "nixpkgs"
        ],
        "zig-flake": [
          "zig"
        ]
      },
      "locked": {
        "lastModified": 1790989120,
        "narHash": "sha256-7BnT4VrhOApLVWDay7w6Jm9z/pNWc4trOLAwu+TfQLk=",
        "owner": "zigtools",
        "repo": "zls",
        "rev": "eab2be0fd74443a27662da809b771c4ad0d2afcf",
        "type": "github"
      },
      "original": {
        "owner": "zigtools",
        "repo": "zls",
        "type": "github"
      }
    }
  },
  "root": "root",
  "version": 7
}
