{
  "nodes": {
    "nixpkgs": {
      "locked": {
        "lastModified": 1781577229,
        "narHash": "sha256-lrp67w8AulE9Ks53n27I45ADSzbOCn4H+CNW1Ck8B+8=",
        "owner": "NixOS",
        "repo": "nixpkgs",
        "rev": "567a49d1913ce81ac6e9582e3553dd90a955875f",
        "type": "github"
      },
      "original": {
        "owner": "NixOS",
        "ref": "nixos-unstable",
        "repo": "nixpkgs",
        "type": "github"
      }
    },
    "root": {
      "inputs": {
        "nixpkgs": "nixpkgs",
        "zig": "zig",
        "zls": "zls"
      }
    },
    "zig": {
      "inputs": {
        "nixpkgs": [
          "nixpkgs"
        ]
      },
      "locked": {
        "lastModified": 1781942808,
        "narHash": "sha256-vV+204aoJ01x1u8aNaK/Z0wz3ue+IuBQRIRRySvUBiE=",
        "owner": "silversquirl",
        "repo": "zig-flake",
        "rev": "5885022cb2bc80442b0b2b21339f6eb4e36e219b",
        "type": "github"
      },
      "original": {
        "owner": "silversquirl",
        "ref": "compat",
        "repo": "zig-flake",
        "type": "github"
      }
    },
    "zls": {
      "inputs": {
        "nixpkgs": [
          "nixpkgs"
        ],
        "zig-flake": [
          "zig"
        ]
      },
      "locked": {
        "lastModified": 1779661998,
        "narHash": "sha256-Ac9Uwf4d+jUk4uCFoItUGBXq09CbrPb5dMSkoMU23k4=",
        "owner": "zigtools",
        "repo": "zls",
        "rev": "3e0d082084be43e36865136a138c1fe2023b33ca",
        "type": "github"
      },
      "original": {
        "owner": "zigtools",
        "ref": "0.16.x",
        "repo": "zls",
        "type": "github"
      }
    }
  },
  "root": "root",
  "version": 7
}
